#
# This file is autogenerated by pip-compile
# To update, run:
#
#    pip-compile --output-file=reqs.lock reqs.in
#
certifi==2022.9.24        # via requests
charset-normalizer==2.1.1  # via requests
idna==3.4                 # via requests
numpy==1.21.6             # via torchvision
pillow==9.3.0             # via torchvision
requests==2.28.1          # via torchvision
torch==1.13.0             # via -r reqs.in, torchvision
torchvision==0.14.0       # via -r reqs.in
typing-extensions==4.4.0  # via torch, torchvision
urllib3==1.26.13          # via requests
